# @generated by Move, please check-in and do not edit manually.

[move]
version = 2
manifest_digest = "C7906F2382F5D4AFEA3B395923BD7DA9509F46AAF71A1F94056F994D56E5E8EF"
deps_digest = "F8BBB0CCB2491CA29A3DF03D6F92277A4F3574266507ACD77214D37ECA3F3082"
dependencies = [
  { name = "Sui" },
]

[[move.package]]
name = "MoveStdlib"
source = { git = "https://github.com/MystenLabs/sui.git", rev = "devnet", subdir = "crates/sui-framework/packages/move-stdlib" }

[[move.package]]
name = "Sui"
source = { git = "https://github.com/MystenLabs/sui.git", rev = "devnet", subdir = "crates/sui-framework/packages/sui-framework" }

dependencies = [
  { name = "MoveStdlib" },
]

[move.toolchain-version]
compiler-version = "1.33.1"
edition = "2024.alpha"
flavor = "sui"

[env]

[env.testnet]
chain-id = "4c78adac"
original-published-id = "0x22fc8bd281012f5bcab62e16e39ceeaab11b71ebd57b7f0cb6042f3dba839c20"
latest-published-id = "0x22fc8bd281012f5bcab62e16e39ceeaab11b71ebd57b7f0cb6042f3dba839c20"
published-version = "1"
